// !$*UTF8*$!
{
	archiveVersion = 1;
	classes = {
	};
	objectVersion = 46;
	objects = {

/* Begin PBXBuildFile section */
		7F1C3FE01F6B5B810051AB97 /* AppDelegate.swift in Sources */ = {isa = PBXBuildFile; fileRef = 7F1C3FDF1F6B5B810051AB97 /* AppDelegate.swift */; };
		7F1C3FE21F6B5B810051AB97 /* ViewController.swift in Sources */ = {isa = PBXBuildFile; fileRef = 7F1C3FE11F6B5B810051AB97 /* ViewController.swift */; };
		7F1C3FE51F6B5B810051AB97 /* Main.storyboard in Resources */ = {isa = PBXBuildFile; fileRef = 7F1C3FE31F6B5B810051AB97 /* Main.storyboard */; };
		7F1C3FE71F6B5B810051AB97 /* Assets.xcassets in Resources */ = {isa = PBXBuildFile; fileRef = 7F1C3FE61F6B5B810051AB97 /* Assets.xcassets */; };
		7F1C3FEA1F6B5B810051AB97 /* LaunchScreen.storyboard in Resources */ = {isa = PBXBuildFile; fileRef = 7F1C3FE81F6B5B810051AB97 /* LaunchScreen.storyboard */; };
/* End PBXBuildFile section */

/* Begin PBXFileReference section */
		7F1C3FDC1F6B5B810051AB97 /* StoryBoading.app */ = {isa = PBXFileReference; explicitFileType = wrapper.application; includeInIndex = 0; path = StoryBoading.app; sourceTree = BUILT_PRODUCTS_DIR; };
		7F1C3FDF1F6B5B810051AB97 /* AppDelegate.swift */ = {isa = PBXFileReference; lastKnownFileType = sourcecode.swift; path = AppDelegate.swift; sourceTree = "<group>"; };
		7F1C3FE11F6B5B810051AB97 /* ViewController.swift */ = {isa = PBXFileReference; lastKnownFileType = sourcecode.swift; path = ViewController.swift; sourceTree = "<group>"; };
		7F1C3FE41F6B5B810051AB97 /* Base */ = {isa = PBXFileReference; lastKnownFileType = file.storyboard; name = Base; path = Base.lproj/Main.storyboard; sourceTree = "<group>"; };
		7F1C3FE61F6B5B810051AB97 /* Assets.xcassets */ = {isa = PBXFileReference; lastKnownFileType = folder.assetcatalog; path = Assets.xcassets; sourceTree = "<group>"; };
		7F1C3FE91F6B5B810051AB97 /* Base */ = {isa = PBXFileReference; lastKnownFileType = file.storyboard; name = Base; path = Base.lproj/LaunchScreen.storyboard; sourceTree = "<group>"; };
		7F1C3FEB1F6B5B810051AB97 /* Info.plist */ = {isa = PBXFileReference; lastKnownFileType = text.plist.xml; path = Info.plist; sourceTree = "<group>"; };
/* End PBXFileReference section */

/* Begin PBXFrameworksBuildPhase section */
		7F1C3FD91F6B5B810051AB97 /* Frameworks */ = {
			isa = PBXFrameworksBuildPhase;
			buildActionMask = 2147483647;
			files = (
			);
			runOnlyForDeploymentPostprocessing = 0;
		};
/* End PBXFrameworksBuildPhase section */

/* Begin PBXGroup section */
		7F1C3FD31F6B5B810051AB97 = {
			isa = PBXGroup;
			children = (
				7F1C3FDE1F6B5B810051AB97 /* StoryBoading */,
				7F1C3FDD1F6B5B810051AB97 /* Products */,
			);
			sourceTree = "<group>";
		};
		7F1C3FDD1F6B5B810051AB97 /* Products */ = {
			isa = PBXGroup;
			children = (
				7F1C3FDC1F6B5B810051AB97 /* StoryBoading.app */,
			);
			name = Products;
			sourceTree = "<group>";
		};
		7F1C3FDE1F6B5B810051AB97 /* StoryBoading */ = {
			isa = PBXGroup;
			children = (
				7F1C3FDF1F6B5B810051AB97 /* AppDelegate.swift */,
				7F1C3FE11F6B5B810051AB97 /* ViewController.swift */,
				7F1C3FE31F6B5B810051AB97 /* Main.storyboard */,
				7F1C3FE61F6B5B810051AB97 /* Assets.xcassets */,
				7F1C3FE81F6B5B810051AB97 /* LaunchScreen.storyboard */,
				7F1C3FEB1F6B5B810051AB97 /* Info.plist */,
			);
			path = StoryBoading;
			sourceTree = "<group>";
		};
/* End PBXGroup section */

/* Begin PBXNativeTarget section */
		7F1C3FDB1F6B5B810051AB97 /* StoryBoading */ = {
			isa = PBXNativeTarget;
			buildConfigurationList = 7F1C3FEE1F6B5B810051AB97 /* Build configuration list for PBXNativeTarget "StoryBoading" */;
			buildPhases = (
				7F1C3FD81F6B5B810051AB97 /* Sources */,
				7F1C3FD91F6B5B810051AB97 /* Frameworks */,
				7F1C3FDA1F6B5B810051AB97 /* Resources */,
			);
			buildRules = (
			);
			dependencies = (
			);
			name = StoryBoading;
			productName = StoryBoading;
			productReference = 7F1C3FDC1F6B5B810051AB97 /* StoryBoading.app */;
			productType = "com.apple.product-type.application";
		};
/* End PBXNativeTarget section */

/* Begin PBXProject section */
		7F1C3FD41F6B5B810051AB97 /* Project object */ = {
			isa = PBXProject;
			attributes = {
				LastSwiftUpdateCheck = 0830;
				LastUpgradeCheck = 0830;
				ORGANIZATIONNAME = sikkasoftware;
				TargetAttributes = {
					7F1C3FDB1F6B5B810051AB97 = {
						CreatedOnToolsVersion = 8.3.3;
						DevelopmentTeam = FN5LM6YB2P;
						ProvisioningStyle = Automatic;
					};
				};
			};
			buildConfigurationList = 7F1C3FD71F6B5B810051AB97 /* Build configuration list for PBXProject "StoryBoading" */;
			compatibilityVersion = "Xcode 3.2";
			developmentRegion = English;
			hasScannedForEncodings = 0;
			knownRegions = (
				en,
				Base,
			);
			mainGroup = 7F1C3FD31F6B5B810051AB97;
			productRefGroup = 7F1C3FDD1F6B5B810051AB97 /* Products */;
			projectDirPath = "";
			projectRoot = "";
			targets = (
				7F1C3FDB1F6B5B810051AB97 /* StoryBoading */,
			);
		};
/* End PBXProject section */

/* Begin PBXResourcesBuildPhase section */
		7F1C3FDA1F6B5B810051AB97 /* Resources */ = {
			isa = PBXResourcesBuildPhase;
			buildActionMask = 2147483647;
			files = (
				7F1C3FEA1F6B5B810051AB97 /* LaunchScreen.storyboard in Resources */,
				7F1C3FE71F6B5B810051AB97 /* Assets.xcassets in Resources */,
				7F1C3FE51F6B5B810051AB97 /* Main.storyboard in Resources */,
			);
			runOnlyForDeploymentPostprocessing = 0;
		};
/* End PBXResourcesBuildPhase section */

/* Begin PBXSourcesBuildPhase section */
		7F1C3FD81F6B5B810051AB97 /* Sources */ = {
			isa = PBXSourcesBuildPhase;
			buildActionMask = 2147483647;
			files = (
				7F1C3FE21F6B5B810051AB97 /* ViewController.swift in Sources */,
				7F1C3FE01F6B5B810051AB97 /* AppDelegate.swift in Sources */,
			);
			runOnlyForDeploymentPostprocessing = 0;
		};
/* End PBXSourcesBuildPhase section */

/* Begin PBXVariantGroup section */
		7F1C3FE31F6B5B810051AB97 /* Main.storyboard */ = {
			isa = PBXVariantGroup;
			children = (
				7F1C3FE41F6B5B810051AB97 /* Base */,
			);
			name = Main.storyboard;
			sourceTree = "<group>";
		};
		7F1C3FE81F6B5B810051AB97 /* LaunchScreen.storyboard */ = {
			isa = PBXVariantGroup;
			children = (
				7F1C3FE91F6B5B810051AB97 /* Base */,
			);
			name = LaunchScreen.storyboard;
			sourceTree = "<group>";
		};
/* End PBXVariantGroup section */

/* Begin XCBuildConfiguration section */
		7F1C3FEC1F6B5B810051AB97 /* Debug */ = {
			isa = XCBuildConfiguration;
			buildSettings = {
				ALWAYS_SEARCH_USER_PATHS = NO;
				CLANG_ANALYZER_NONNULL = YES;
				CLANG_ANALYZER_NUMBER_OBJECT_CONVERSION = YES_AGGRESSIVE;
				CLANG_CXX_LANGUAGE_STANDARD = "gnu++0x";
				CLANG_CXX_LIBRARY = "libc++";
				CLANG_ENABLE_MODULES = YES;
				CLANG_ENABLE_OBJC_ARC = YES;
				CLANG_WARN_BOOL_CONVERSION = YES;
				CLANG_WARN_CONSTANT_CONVERSION = YES;
				CLANG_WARN_DIRECT_OBJC_ISA_USAGE = YES_ERROR;
				CLANG_WARN_DOCUMENTATION_COMMENTS = YES;
				CLANG_WARN_EMPTY_BODY = YES;
				CLANG_WARN_ENUM_CONVERSION = YES;
				CLANG_WARN_INFINITE_RECURSION = YES;
				CLANG_WARN_INT_CONVERSION = YES;
				CLANG_WARN_OBJC_ROOT_CLASS = YES_ERROR;
				CLANG_WARN_SUSPICIOUS_MOVE = YES;
				CLANG_WARN_UNREACHABLE_CODE = YES;
				CLANG_WARN__DUPLICATE_METHOD_MATCH = YES;
				"CODE_SIGN_IDENTITY[sdk=iphoneos*]" = "iPhone Developer";
				COPY_PHASE_STRIP = NO;
				DEBUG_INFORMATION_FORMAT = dwarf;
				ENABLE_STRICT_OBJC_MSGSEND = YES;
				ENABLE_TESTABILITY = YES;
				GCC_C_LANGUAGE_STANDARD = gnu99;
				GCC_DYNAMIC_NO_PIC = NO;
				GCC_NO_COMMON_BLOCKS = YES;
				GCC_OPTIMIZATION_LEVEL = 0;
				GCC_PREPROCESSOR_DEFINITIONS = (
					"DEBUG=1",
					"$(inherited)",
				);
				GCC_WARN_64_TO_32_BIT_CONVERSION = YES;
				GCC_WARN_ABOUT_RETURN_TYPE = YES_ERROR;
				GCC_WARN_UNDECLARED_SELECTOR = YES;
				GCC_WARN_UNINITIALIZED_AUTOS = YES_AGGRESSIVE;
				GCC_WARN_UNUSED_FUNCTION = YES;
				GCC_WARN_UNUSED_VARIABLE = YES;
				IPHONEOS_DEPLOYMENT_TARGET = 10.3;
				MTL_ENABLE_DEBUG_INFO = YES;
				ONLY_ACTIVE_ARCH = YES;
				SDKROOT = iphoneos;
				SWIFT_ACTIVE_COMPILATION_CONDITIONS = DEBUG;
				SWIFT_OPTIMIZATION_LEVEL = "-Onone";
				TARGETED_DEVICE_FAMILY = "1,2";
			};
			name = Debug;
		};
		7F1C3FED1F6B5B810051AB97 /* Release */ = {
			isa = XCBuildConfiguration;
			buildSettings = {
				ALWAYS_SEARCH_USER_PATHS = NO;
				CLANG_ANALYZER_NONNULL = YES;
				CLANG_ANALYZER_NUMBER_OBJECT_CONVERSION = YES_AGGRESSIVE;
				CLANG_CXX_LANGUAGE_STANDARD = "gnu++0x";
				CLANG_CXX_LIBRARY = "libc++";
				CLANG_ENABLE_MODULES = YES;
				CLANG_ENABLE_OBJC_ARC = YES;
				CLANG_WARN_BOOL_CONVERSION = YES;
				CLANG_WARN_CONSTANT_CONVERSION = YES;
				CLANG_WARN_DIRECT_OBJC_ISA_USAGE = YES_ERROR;
				CLANG_WARN_DOCUMENTATION_COMMENTS = YES;
				CLANG_WARN_EMPTY_BODY = YES;
				CLANG_WARN_ENUM_CONVERSION = YES;
				CLANG_WARN_INFINITE_RECURSION = YES;
				CLANG_WARN_INT_CONVERSION = YES;
				CLANG_WARN_OBJC_ROOT_CLASS = YES_ERROR;
				CLANG_WARN_SUSPICIOUS_MOVE = YES;
				CLANG_WARN_UNREACHABLE_CODE = YES;
				CLANG_WARN__DUPLICATE_METHOD_MATCH = YES;
				"CODE_SIGN_IDENTITY[sdk=iphoneos*]" = "iPhone Developer";
				COPY_PHASE_STRIP = NO;
				DEBUG_INFORMATION_FORMAT = "dwarf-with-dsym";
				ENABLE_NS_ASSERTIONS = NO;
				ENABLE_STRICT_OBJC_MSGSEND = YES;
				GCC_C_LANGUAGE_STANDARD = gnu99;
				GCC_NO_COMMON_BLOCKS = YES;
				GCC_WARN_64_TO_32_BIT_CONVERSION = YES;
				GCC_WARN_ABOUT_RETURN_TYPE = YES_ERROR;
				GCC_WARN_UNDECLARED_SELECTOR = YES;
				GCC_WARN_UNINITIALIZED_AUTOS = YES_AGGRESSIVE;
				GCC_WARN_UNUSED_FUNCTION = YES;
				GCC_WARN_UNUSED_VARIABLE = YES;
				IPHONEOS_DEPLOYMENT_TARGET = 10.3;
				MTL_ENABLE_DEBUG_INFO = NO;
				SDKROOT = iphoneos;
				SWIFT_OPTIMIZATION_LEVEL = "-Owholemodule";
				TARGETED_DEVICE_FAMILY = "1,2";
				VALIDATE_PRODUCT = YES;
			};
			name = Release;
		};
		7F1C3FEF1F6B5B810051AB97 /* Debug */ = {
			isa = XCBuildConfiguration;
			buildSettings = {
				ASSETCATALOG_COMPILER_APPICON_NAME = AppIcon;
				DEVELOPMENT_TEAM = FN5LM6YB2P;
				INFOPLIST_FILE = StoryBoading/Info.plist;
				LD_RUNPATH_SEARCH_PATHS = "$(inherited) @executable_path/Frameworks";
				PRODUCT_BUNDLE_IDENTIFIER = com.sikkasoftware.sb.StoryBoading;
				PRODUCT_NAME = "$(TARGET_NAME)";
				SWIFT_VERSION = 3.0;
			};
			name = Debug;
		};
		7F1C3FF01F6B5B810051AB97 /* Release */ = {
			isa = XCBuildConfiguration;
			buildSettings = {
				ASSETCATALOG_COMPILER_APPICON_NAME = AppIcon;
				DEVELOPMENT_TEAM = FN5LM6YB2P;
				INFOPLIST_FILE = StoryBoading/Info.plist;
				LD_RUNPATH_SEARCH_PATHS = "$(inherited) @executable_path/Frameworks";
				PRODUCT_BUNDLE_IDENTIFIER = com.sikkasoftware.sb.StoryBoading;
				PRODUCT_NAME = "$(TARGET_NAME)";
				SWIFT_VERSION = 3.0;
			};
			name = Release;
		};
/* End XCBuildConfiguration section */

/* Begin XCConfigurationList section */
		7F1C3FD71F6B5B810051AB97 /* Build configuration list for PBXProject "StoryBoading" */ = {
			isa = XCConfigurationList;
			buildConfigurations = (
				7F1C3FEC1F6B5B810051AB97 /* Debug */,
				7F1C3FED1F6B5B810051AB97 /* Release */,
			);
			defaultConfigurationIsVisible = 0;
			defaultConfigurationName = Release;
		};
		7F1C3FEE1F6B5B810051AB97 /* Build configuration list for PBXNativeTarget "StoryBoading" */ = {
			isa = XCConfigurationList;
			buildConfigurations = (
				7F1C3FEF1F6B5B810051AB97 /* Debug */,
				7F1C3FF01F6B5B810051AB97 /* Release */,
			);
			defaultConfigurationIsVisible = 0;
		};
/* End XCConfigurationList section */
	};
	rootObject = 7F1C3FD41F6B5B810051AB97 /* Project object */;
}
